
Microsoft Visual Studio Solution File, Format Version 10.00
# Visual Studio 2008
Project("{8BC9CEB8-8B4A-11D0-8D11-00A0C91BC942}") = "ODBCTest", "ODBCTest\ODBCTest.vcproj", "{336ED50A-4D4D-40CD-8DC9-9C985103F18A}"
EndProject
Global
	GlobalSection(SolutionConfigurationPlatforms) = preSolution
		Debug|Win32 = Debug|Win32
		Release|Win32 = Release|Win32
	EndGlobalSection
	GlobalSection(ProjectConfigurationPlatforms) = postSolution
		{336ED50A-4D4D-40CD-8DC9-9C985103F18A}.Debug|Win32.ActiveCfg = Debug|Win32
		{336ED50A-4D4D-40CD-8DC9-9C985103F18A}.Debug|Win32.Build.0 = Debug|Win32
		{336ED50A-4D4D-40CD-8DC9-9C985103F18A}.Release|Win32.ActiveCfg = Release|Win32
		{336ED50A-4D4D-40CD-8DC9-9C985103F18A}.Release|Win32.Build.0 = Release|Win32
	EndGlobalSection
	GlobalSection(SolutionProperties) = preSolution
		HideSolutionNode = FALSE
	EndGlobalSection
EndGlobal
